
Microsoft Visual Studio Solution File, Format Version 12.00
# Visual Studio Version 17
VisualStudioVersion = 17.11.35303.130
MinimumVisualStudioVersion = 10.0.40219.1
Project("{2150E333-8FDC-42A3-9474-1A3956D46DE8}") = "Task2", "Task2", "{CFCDAAC0-94C4-47A5-9800-07F99E65DF41}"
EndProject
Project("{FAE04EC0-301F-11D3-BF4B-00C04F79EFBC}") = "Tyuiu.MerzhinskiyOO.Sprint3.Task2.V5", "Tyuiu.MerzhinskiyOO.Sprint3.Task2.V5\Tyuiu.MerzhinskiyOO.Sprint3.Task2.V5.csproj", "{EEC507C3-B23D-4A6C-A94D-1DA93C3D6B85}"
EndProject
Project("{FAE04EC0-301F-11D3-BF4B-00C04F79EFBC}") = "Tyuiu.MerzhinskiyOO.Sprint3.Task2.V5.Lib", "Tyuiu.MerzhinskiyOO.Sprint3.Task2.V5.Lib\Tyuiu.MerzhinskiyOO.Sprint3.Task2.V5.Lib.csproj", "{723C82B3-0B4C-4F96-B7C8-64B891C6871B}"
EndProject
Project("{FAE04EC0-301F-11D3-BF4B-00C04F79EFBC}") = "Tyuiu.MerzhinskiyOO.Sprint3.Task2.V5.Test", "Tyuiu.MerzhinskiyOO.Sprint3.Task2.V5.Test\Tyuiu.MerzhinskiyOO.Sprint3.Task2.V5.Test.csproj", "{4BB48C7A-12FB-456B-8AFB-D9C159F9B1D0}"
EndProject
Project("{2150E333-8FDC-42A3-9474-1A3956D46DE8}") = "Task1", "Task1", "{AD9530C7-29B9-4699-9572-3BAB19D805F4}"
EndProject
Project("{FAE04EC0-301F-11D3-BF4B-00C04F79EFBC}") = "Tyuiu.MerzhinskiyOO.Sprint3.Task1.V10", "Tyuiu.MerzhinskiyOO.Sprint3.Task1.V10\Tyuiu.MerzhinskiyOO.Sprint3.Task1.V10.csproj", "{B25194D4-E7D6-45FE-B119-3165679587F6}"
EndProject
Project("{FAE04EC0-301F-11D3-BF4B-00C04F79EFBC}") = "Tyuiu.MerzhinskiyOO.Sprint3.Task1.V10.Lib", "Tyuiu.MerzhinskiyOO.Sprint3.Task1.V10.Lib\Tyuiu.MerzhinskiyOO.Sprint3.Task1.V10.Lib.csproj", "{8A091E86-9913-4118-971F-94787C9A5552}"
EndProject
Project("{FAE04EC0-301F-11D3-BF4B-00C04F79EFBC}") = "Tyuiu.MerzhinskiyOO.Sprint3.Task1.V10.Test", "Tyuiu.MerzhinskiyOO.Sprint3.Task1.V10.Test\Tyuiu.MerzhinskiyOO.Sprint3.Task1.V10.Test.csproj", "{ED05421A-2F20-4AFA-A699-16150631CD20}"
EndProject
Project("{2150E333-8FDC-42A3-9474-1A3956D46DE8}") = "Task3", "Task3", "{BA32F8E6-23E6-4207-8C74-ED6EF8188425}"
EndProject
Project("{FAE04EC0-301F-11D3-BF4B-00C04F79EFBC}") = "Tyuiu.MerzhinskiyOO.Sprint3.Task3.V4", "Tyuiu.MerzhinskiyOO.Sprint3.Task3.V4\Tyuiu.MerzhinskiyOO.Sprint3.Task3.V4.csproj", "{08D6DB8D-BA53-4674-8124-AF0B4A7DE0FF}"
EndProject
Project("{FAE04EC0-301F-11D3-BF4B-00C04F79EFBC}") = "Tyuiu.MerzhinskiyOO.Sprint3.Task3.V4.Lib", "Tyuiu.MerzhinskiyOO.Sprint3.Task3.V4.Lib\Tyuiu.MerzhinskiyOO.Sprint3.Task3.V4.Lib.csproj", "{61B4C35A-E225-45B2-B041-898AE2B23817}"
EndProject
Project("{FAE04EC0-301F-11D3-BF4B-00C04F79EFBC}") = "Tyuiu.MerzhinskiyOO.Sprint3.Task3.V4.Test", "Tyuiu.MerzhinskiyOO.Sprint3.Task3.V4.Test\Tyuiu.MerzhinskiyOO.Sprint3.Task3.V4.Test.csproj", "{D09B292C-7115-4A29-9056-EEB576C00051}"
EndProject
Project("{2150E333-8FDC-42A3-9474-1A3956D46DE8}") = "Task4", "Task4", "{919E04BA-706D-4EAC-910E-87229B61B003}"
EndProject
Project("{FAE04EC0-301F-11D3-BF4B-00C04F79EFBC}") = "Tyuiu.MerzhinskiyOO.Sprint3.Task4.V10", "Tyuiu.MerzhinskiyOO.Sprint3.Task4.V10\Tyuiu.MerzhinskiyOO.Sprint3.Task4.V10.csproj", "{45AC0949-A11B-4377-A8DC-D84A1B20C851}"
EndProject
Project("{FAE04EC0-301F-11D3-BF4B-00C04F79EFBC}") = "Tyuiu.MerzhinskiyOO.Sprint3.Task4.V10.Lib", "Tyuiu.MerzhinskiyOO.Sprint3.Task4.V10.Lib\Tyuiu.MerzhinskiyOO.Sprint3.Task4.V10.Lib.csproj", "{BDDDF3D2-313E-41B7-A2C8-D58D75241BF7}"
EndProject
Project("{FAE04EC0-301F-11D3-BF4B-00C04F79EFBC}") = "Tyuiu.MerzhinskiyOO.Sprint3.Task4.V10.Test", "Tyuiu.MerzhinskiyOO.Sprint3.Task4.V10.Test\Tyuiu.MerzhinskiyOO.Sprint3.Task4.V10.Test.csproj", "{6D5FE112-5DB1-4B0C-ABDD-54D2CFBF2CC5}"
EndProject
Project("{2150E333-8FDC-42A3-9474-1A3956D46DE8}") = "Task5", "Task5", "{C7631C32-ECD0-42B8-9616-2B84D2079498}"
EndProject
Project("{FAE04EC0-301F-11D3-BF4B-00C04F79EFBC}") = "Tyuiu.MerzhinskiyOO.Sprint3.Task5.V14", "Tyuiu.MerzhinskiyOO.Sprint3.Task5.V14\Tyuiu.MerzhinskiyOO.Sprint3.Task5.V14.csproj", "{3FB1FA18-C078-44A1-BCDB-D302EB84E6AE}"
EndProject
Project("{FAE04EC0-301F-11D3-BF4B-00C04F79EFBC}") = "Tyuiu.MerzhinskiyOO.Sprint3.Task5.V14.Lib", "Tyuiu.MerzhinskiyOO.Sprint3.Task5.V14.Lib\Tyuiu.MerzhinskiyOO.Sprint3.Task5.V14.Lib.csproj", "{C429C549-DFF2-49C0-8B95-C309980C90CB}"
EndProject
Project("{FAE04EC0-301F-11D3-BF4B-00C04F79EFBC}") = "Tyuiu.MerzhinskiyOO.Sprint3.Task5.V14.Test", "Tyuiu.MerzhinskiyOO.Sprint3.Task5.V14.Test\Tyuiu.MerzhinskiyOO.Sprint3.Task5.V14.Test.csproj", "{FB6794F1-FC88-4A24-9C81-2388D0A82489}"
EndProject
Project("{2150E333-8FDC-42A3-9474-1A3956D46DE8}") = "Task6", "Task6", "{5A7A3B05-35F1-4721-AD51-C691386A8962}"
EndProject
Project("{FAE04EC0-301F-11D3-BF4B-00C04F79EFBC}") = "Tyuiu.MerzhinskiyOO.Sprint3.Task6.V4", "Tyuiu.MerzhinskiyOO.Sprint3.Task6.V4\Tyuiu.MerzhinskiyOO.Sprint3.Task6.V4.csproj", "{1416CBA5-546C-432B-B3A5-71A6B5EC6D5C}"
EndProject
Project("{FAE04EC0-301F-11D3-BF4B-00C04F79EFBC}") = "Tyuiu.MerzhinskiyOO.Sprint3.Task6.V4.Lib", "Tyuiu.MerzhinskiyOO.Sprint3.Task6.V4.Lib\Tyuiu.MerzhinskiyOO.Sprint3.Task6.V4.Lib.csproj", "{CA0F7B4A-6B44-4F07-8E60-9CD004EF2421}"
EndProject
Project("{FAE04EC0-301F-11D3-BF4B-00C04F79EFBC}") = "Tyuiu.MerzhinskiyOO.Sprint3.Task6.V4.Test", "Tyuiu.MerzhinskiyOO.Sprint3.Task6.V4.Test\Tyuiu.MerzhinskiyOO.Sprint3.Task6.V4.Test.csproj", "{7DCDD732-921D-4E93-9FAA-C40269B5A1BC}"
EndProject
Project("{2150E333-8FDC-42A3-9474-1A3956D46DE8}") = "Task7", "Task7", "{75B06180-2295-4D0C-9E98-BA595AAA405F}"
EndProject
Project("{FAE04EC0-301F-11D3-BF4B-00C04F79EFBC}") = "Tyuiu.MerzhinskiyOO.Sprint3.Task7.V29", "Tyuiu.MerzhinskiyOO.Sprint3.Task7.V29\Tyuiu.MerzhinskiyOO.Sprint3.Task7.V29.csproj", "{A8620FA4-8633-4E8C-BBB3-0BB274EAC5A3}"
EndProject
Project("{FAE04EC0-301F-11D3-BF4B-00C04F79EFBC}") = "Tyuiu.MerzhinskiyOO.Sprint3.Task7.V29.Lib", "Tyuiu.MerzhinskiyOO.Sprint3.Task7.V29.Lib\Tyuiu.MerzhinskiyOO.Sprint3.Task7.V29.Lib.csproj", "{2885DC5F-92B9-4B3D-AD60-D5078052B557}"
EndProject
Project("{FAE04EC0-301F-11D3-BF4B-00C04F79EFBC}") = "Tyuiu.MerzhinskiyOO.Sprint3.Task7.V29.Test", "Tyuiu.MerzhinskiyOO.Sprint3.Task7.V29.Test\Tyuiu.MerzhinskiyOO.Sprint3.Task7.V29.Test.csproj", "{3288C6ED-997D-4D7B-A6D0-800A4EC06C97}"
EndProject
Global
	GlobalSection(SolutionConfigurationPlatforms) = preSolution
		Debug|Any CPU = Debug|Any CPU
		Release|Any CPU = Release|Any CPU
	EndGlobalSection
	GlobalSection(ProjectConfigurationPlatforms) = postSolution
		{EEC507C3-B23D-4A6C-A94D-1DA93C3D6B85}.Debug|Any CPU.ActiveCfg = Debug|Any CPU
		{EEC507C3-B23D-4A6C-A94D-1DA93C3D6B85}.Debug|Any CPU.Build.0 = Debug|Any CPU
		{EEC507C3-B23D-4A6C-A94D-1DA93C3D6B85}.Release|Any CPU.ActiveCfg = Release|Any CPU
		{EEC507C3-B23D-4A6C-A94D-1DA93C3D6B85}.Release|Any CPU.Build.0 = Release|Any CPU
		{723C82B3-0B4C-4F96-B7C8-64B891C6871B}.Debug|Any CPU.ActiveCfg = Debug|Any CPU
		{723C82B3-0B4C-4F96-B7C8-64B891C6871B}.Debug|Any CPU.Build.0 = Debug|Any CPU
		{723C82B3-0B4C-4F96-B7C8-64B891C6871B}.Release|Any CPU.ActiveCfg = Release|Any CPU
		{723C82B3-0B4C-4F96-B7C8-64B891C6871B}.Release|Any CPU.Build.0 = Release|Any CPU
		{4BB48C7A-12FB-456B-8AFB-D9C159F9B1D0}.Debug|Any CPU.ActiveCfg = Debug|Any CPU
		{4BB48C7A-12FB-456B-8AFB-D9C159F9B1D0}.Debug|Any CPU.Build.0 = Debug|Any CPU
		{4BB48C7A-12FB-456B-8AFB-D9C159F9B1D0}.Release|Any CPU.ActiveCfg = Release|Any CPU
		{4BB48C7A-12FB-456B-8AFB-D9C159F9B1D0}.Release|Any CPU.Build.0 = Release|Any CPU
		{B25194D4-E7D6-45FE-B119-3165679587F6}.Debug|Any CPU.ActiveCfg = Debug|Any CPU
		{B25194D4-E7D6-45FE-B119-3165679587F6}.Debug|Any CPU.Build.0 = Debug|Any CPU
		{B25194D4-E7D6-45FE-B119-3165679587F6}.Release|Any CPU.ActiveCfg = Release|Any CPU
		{B25194D4-E7D6-45FE-B119-3165679587F6}.Release|Any CPU.Build.0 = Release|Any CPU
		{8A091E86-9913-4118-971F-94787C9A5552}.Debug|Any CPU.ActiveCfg = Debug|Any CPU
		{8A091E86-9913-4118-971F-94787C9A5552}.Debug|Any CPU.Build.0 = Debug|Any CPU
		{8A091E86-9913-4118-971F-94787C9A5552}.Release|Any CPU.ActiveCfg = Release|Any CPU
		{8A091E86-9913-4118-971F-94787C9A5552}.Release|Any CPU.Build.0 = Release|Any CPU
		{ED05421A-2F20-4AFA-A699-16150631CD20}.Debug|Any CPU.ActiveCfg = Debug|Any CPU
		{ED05421A-2F20-4AFA-A699-16150631CD20}.Debug|Any CPU.Build.0 = Debug|Any CPU
		{ED05421A-2F20-4AFA-A699-16150631CD20}.Release|Any CPU.ActiveCfg = Release|Any CPU
		{ED05421A-2F20-4AFA-A699-16150631CD20}.Release|Any CPU.Build.0 = Release|Any CPU
		{08D6DB8D-BA53-4674-8124-AF0B4A7DE0FF}.Debug|Any CPU.ActiveCfg = Debug|Any CPU
		{08D6DB8D-BA53-4674-8124-AF0B4A7DE0FF}.Debug|Any CPU.Build.0 = Debug|Any CPU
		{08D6DB8D-BA53-4674-8124-AF0B4A7DE0FF}.Release|Any CPU.ActiveCfg = Release|Any CPU
		{08D6DB8D-BA53-4674-8124-AF0B4A7DE0FF}.Release|Any CPU.Build.0 = Release|Any CPU
		{61B4C35A-E225-45B2-B041-898AE2B23817}.Debug|Any CPU.ActiveCfg = Debug|Any CPU
		{61B4C35A-E225-45B2-B041-898AE2B23817}.Debug|Any CPU.Build.0 = Debug|Any CPU
		{61B4C35A-E225-45B2-B041-898AE2B23817}.Release|Any CPU.ActiveCfg = Release|Any CPU
		{61B4C35A-E225-45B2-B041-898AE2B23817}.Release|Any CPU.Build.0 = Release|Any CPU
		{D09B292C-7115-4A29-9056-EEB576C00051}.Debug|Any CPU.ActiveCfg = Debug|Any CPU
		{D09B292C-7115-4A29-9056-EEB576C00051}.Debug|Any CPU.Build.0 = Debug|Any CPU
		{D09B292C-7115-4A29-9056-EEB576C00051}.Release|Any CPU.ActiveCfg = Release|Any CPU
		{D09B292C-7115-4A29-9056-EEB576C00051}.Release|Any CPU.Build.0 = Release|Any CPU
		{45AC0949-A11B-4377-A8DC-D84A1B20C851}.Debug|Any CPU.ActiveCfg = Debug|Any CPU
		{45AC0949-A11B-4377-A8DC-D84A1B20C851}.Debug|Any CPU.Build.0 = Debug|Any CPU
		{45AC0949-A11B-4377-A8DC-D84A1B20C851}.Release|Any CPU.ActiveCfg = Release|Any CPU
		{45AC0949-A11B-4377-A8DC-D84A1B20C851}.Release|Any CPU.Build.0 = Release|Any CPU
		{BDDDF3D2-313E-41B7-A2C8-D58D75241BF7}.Debug|Any CPU.ActiveCfg = Debug|Any CPU
		{BDDDF3D2-313E-41B7-A2C8-D58D75241BF7}.Debug|Any CPU.Build.0 = Debug|Any CPU
		{BDDDF3D2-313E-41B7-A2C8-D58D75241BF7}.Release|Any CPU.ActiveCfg = Release|Any CPU
		{BDDDF3D2-313E-41B7-A2C8-D58D75241BF7}.Release|Any CPU.Build.0 = Release|Any CPU
		{6D5FE112-5DB1-4B0C-ABDD-54D2CFBF2CC5}.Debug|Any CPU.ActiveCfg = Debug|Any CPU
		{6D5FE112-5DB1-4B0C-ABDD-54D2CFBF2CC5}.Debug|Any CPU.Build.0 = Debug|Any CPU
		{6D5FE112-5DB1-4B0C-ABDD-54D2CFBF2CC5}.Release|Any CPU.ActiveCfg = Release|Any CPU
		{6D5FE112-5DB1-4B0C-ABDD-54D2CFBF2CC5}.Release|Any CPU.Build.0 = Release|Any CPU
		{3FB1FA18-C078-44A1-BCDB-D302EB84E6AE}.Debug|Any CPU.ActiveCfg = Debug|Any CPU
		{3FB1FA18-C078-44A1-BCDB-D302EB84E6AE}.Debug|Any CPU.Build.0 = Debug|Any CPU
		{3FB1FA18-C078-44A1-BCDB-D302EB84E6AE}.Release|Any CPU.ActiveCfg = Release|Any CPU
		{3FB1FA18-C078-44A1-BCDB-D302EB84E6AE}.Release|Any CPU.Build.0 = Release|Any CPU
		{C429C549-DFF2-49C0-8B95-C309980C90CB}.Debug|Any CPU.ActiveCfg = Debug|Any CPU
		{C429C549-DFF2-49C0-8B95-C309980C90CB}.Debug|Any CPU.Build.0 = Debug|Any CPU
		{C429C549-DFF2-49C0-8B95-C309980C90CB}.Release|Any CPU.ActiveCfg = Release|Any CPU
		{C429C549-DFF2-49C0-8B95-C309980C90CB}.Release|Any CPU.Build.0 = Release|Any CPU
		{FB6794F1-FC88-4A24-9C81-2388D0A82489}.Debug|Any CPU.ActiveCfg = Debug|Any CPU
		{FB6794F1-FC88-4A24-9C81-2388D0A82489}.Debug|Any CPU.Build.0 = Debug|Any CPU
		{FB6794F1-FC88-4A24-9C81-2388D0A82489}.Release|Any CPU.ActiveCfg = Release|Any CPU
		{FB6794F1-FC88-4A24-9C81-2388D0A82489}.Release|Any CPU.Build.0 = Release|Any CPU
		{1416CBA5-546C-432B-B3A5-71A6B5EC6D5C}.Debug|Any CPU.ActiveCfg = Debug|Any CPU
		{1416CBA5-546C-432B-B3A5-71A6B5EC6D5C}.Debug|Any CPU.Build.0 = Debug|Any CPU
		{1416CBA5-546C-432B-B3A5-71A6B5EC6D5C}.Release|Any CPU.ActiveCfg = Release|Any CPU
		{1416CBA5-546C-432B-B3A5-71A6B5EC6D5C}.Release|Any CPU.Build.0 = Release|Any CPU
		{CA0F7B4A-6B44-4F07-8E60-9CD004EF2421}.Debug|Any CPU.ActiveCfg = Debug|Any CPU
		{CA0F7B4A-6B44-4F07-8E60-9CD004EF2421}.Debug|Any CPU.Build.0 = Debug|Any CPU
		{CA0F7B4A-6B44-4F07-8E60-9CD004EF2421}.Release|Any CPU.ActiveCfg = Release|Any CPU
		{CA0F7B4A-6B44-4F07-8E60-9CD004EF2421}.Release|Any CPU.Build.0 = Release|Any CPU
		{7DCDD732-921D-4E93-9FAA-C40269B5A1BC}.Debug|Any CPU.ActiveCfg = Debug|Any CPU
		{7DCDD732-921D-4E93-9FAA-C40269B5A1BC}.Debug|Any CPU.Build.0 = Debug|Any CPU
		{7DCDD732-921D-4E93-9FAA-C40269B5A1BC}.Release|Any CPU.ActiveCfg = Release|Any CPU
		{7DCDD732-921D-4E93-9FAA-C40269B5A1BC}.Release|Any CPU.Build.0 = Release|Any CPU
		{A8620FA4-8633-4E8C-BBB3-0BB274EAC5A3}.Debug|Any CPU.ActiveCfg = Debug|Any CPU
		{A8620FA4-8633-4E8C-BBB3-0BB274EAC5A3}.Debug|Any CPU.Build.0 = Debug|Any CPU
		{A8620FA4-8633-4E8C-BBB3-0BB274EAC5A3}.Release|Any CPU.ActiveCfg = Release|Any CPU
		{A8620FA4-8633-4E8C-BBB3-0BB274EAC5A3}.Release|Any CPU.Build.0 = Release|Any CPU
		{2885DC5F-92B9-4B3D-AD60-D5078052B557}.Debug|Any CPU.ActiveCfg = Debug|Any CPU
		{2885DC5F-92B9-4B3D-AD60-D5078052B557}.Debug|Any CPU.Build.0 = Debug|Any CPU
		{2885DC5F-92B9-4B3D-AD60-D5078052B557}.Release|Any CPU.ActiveCfg = Release|Any CPU
		{2885DC5F-92B9-4B3D-AD60-D5078052B557}.Release|Any CPU.Build.0 = Release|Any CPU
		{3288C6ED-997D-4D7B-A6D0-800A4EC06C97}.Debug|Any CPU.ActiveCfg = Debug|Any CPU
		{3288C6ED-997D-4D7B-A6D0-800A4EC06C97}.Debug|Any CPU.Build.0 = Debug|Any CPU
		{3288C6ED-997D-4D7B-A6D0-800A4EC06C97}.Release|Any CPU.ActiveCfg = Release|Any CPU
		{3288C6ED-997D-4D7B-A6D0-800A4EC06C97}.Release|Any CPU.Build.0 = Release|Any CPU
	EndGlobalSection
	GlobalSection(SolutionProperties) = preSolution
		HideSolutionNode = FALSE
	EndGlobalSection
	GlobalSection(NestedProjects) = preSolution
		{EEC507C3-B23D-4A6C-A94D-1DA93C3D6B85} = {CFCDAAC0-94C4-47A5-9800-07F99E65DF41}
		{723C82B3-0B4C-4F96-B7C8-64B891C6871B} = {CFCDAAC0-94C4-47A5-9800-07F99E65DF41}
		{4BB48C7A-12FB-456B-8AFB-D9C159F9B1D0} = {CFCDAAC0-94C4-47A5-9800-07F99E65DF41}
		{B25194D4-E7D6-45FE-B119-3165679587F6} = {AD9530C7-29B9-4699-9572-3BAB19D805F4}
		{8A091E86-9913-4118-971F-94787C9A5552} = {AD9530C7-29B9-4699-9572-3BAB19D805F4}
		{ED05421A-2F20-4AFA-A699-16150631CD20} = {AD9530C7-29B9-4699-9572-3BAB19D805F4}
		{08D6DB8D-BA53-4674-8124-AF0B4A7DE0FF} = {BA32F8E6-23E6-4207-8C74-ED6EF8188425}
		{61B4C35A-E225-45B2-B041-898AE2B23817} = {BA32F8E6-23E6-4207-8C74-ED6EF8188425}
		{D09B292C-7115-4A29-9056-EEB576C00051} = {BA32F8E6-23E6-4207-8C74-ED6EF8188425}
		{45AC0949-A11B-4377-A8DC-D84A1B20C851} = {919E04BA-706D-4EAC-910E-87229B61B003}
		{BDDDF3D2-313E-41B7-A2C8-D58D75241BF7} = {919E04BA-706D-4EAC-910E-87229B61B003}
		{6D5FE112-5DB1-4B0C-ABDD-54D2CFBF2CC5} = {919E04BA-706D-4EAC-910E-87229B61B003}
		{3FB1FA18-C078-44A1-BCDB-D302EB84E6AE} = {C7631C32-ECD0-42B8-9616-2B84D2079498}
		{C429C549-DFF2-49C0-8B95-C309980C90CB} = {C7631C32-ECD0-42B8-9616-2B84D2079498}
		{FB6794F1-FC88-4A24-9C81-2388D0A82489} = {C7631C32-ECD0-42B8-9616-2B84D2079498}
		{1416CBA5-546C-432B-B3A5-71A6B5EC6D5C} = {5A7A3B05-35F1-4721-AD51-C691386A8962}
		{CA0F7B4A-6B44-4F07-8E60-9CD004EF2421} = {5A7A3B05-35F1-4721-AD51-C691386A8962}
		{7DCDD732-921D-4E93-9FAA-C40269B5A1BC} = {5A7A3B05-35F1-4721-AD51-C691386A8962}
		{A8620FA4-8633-4E8C-BBB3-0BB274EAC5A3} = {75B06180-2295-4D0C-9E98-BA595AAA405F}
		{2885DC5F-92B9-4B3D-AD60-D5078052B557} = {75B06180-2295-4D0C-9E98-BA595AAA405F}
		{3288C6ED-997D-4D7B-A6D0-800A4EC06C97} = {75B06180-2295-4D0C-9E98-BA595AAA405F}
	EndGlobalSection
	GlobalSection(ExtensibilityGlobals) = postSolution
		SolutionGuid = {4379CD78-67F9-45C1-9775-522970F61DBD}
	EndGlobalSection
EndGlobal
